Microsoft Visual Studio Solution File, Format Version 12.00
# Visual Studio Version 17
VisualStudioVersion = 17.5.2.0
MinimumVisualStudioVersion = 10.0.40219.1
Project("{FAE04EC0-301F-11D3-BF4B-00C04F79EFBC}") = "Calculadora01", "Calculadora01.csproj", "{51A6BE00-42F9-498A-A094-654B7C728B97}"
EndProject
Global
	GlobalSection(SolutionConfigurationPlatforms) = preSolution
		Debug|Any CPU = Debug|Any CPU
		Release|Any CPU = Release|Any CPU
	EndGlobalSection
	GlobalSection(ProjectConfigurationPlatforms) = postSolution
		{51A6BE00-42F9-498A-A094-654B7C728B97}.Debug|Any CPU.ActiveCfg = Debug|Any CPU
		{51A6BE00-42F9-498A-A094-654B7C728B97}.Debug|Any CPU.Build.0 = Debug|Any CPU
		{51A6BE00-42F9-498A-A094-654B7C728B97}.Release|Any CPU.ActiveCfg = Release|Any CPU
		{51A6BE00-42F9-498A-A094-654B7C728B97}.Release|Any CPU.Build.0 = Release|Any CPU
	EndGlobalSection
	GlobalSection(SolutionProperties) = preSolution
		HideSolutionNode = FALSE
	EndGlobalSection
	GlobalSection(ExtensibilityGlobals) = postSolution
		SolutionGuid = {BE7054D6-6286-42A3-BFBA-5B594E47CE12}
	EndGlobalSection
EndGlobal
